// !$*UTF8*$!
{
	archiveVersion = 1;
	classes = {
	};
	objectVersion = 50;
	objects = {

/* Begin PBXBuildFile section */
		4C4CD12222AE746B001EF929 /* AppDelegate.m in Sources */ = {isa = PBXBuildFile; fileRef = 4C4CD12122AE746B001EF929 /* AppDelegate.m */; };
		4C4CD12522AE746B001EF929 /* ViewController.m in Sources */ = {isa = PBXBuildFile; fileRef = 4C4CD12422AE746B001EF929 /* ViewController.m */; };
		4C4CD12822AE746B001EF929 /* Main.storyboard in Resources */ = {isa = PBXBuildFile; fileRef = 4C4CD12622AE746B001EF929 /* Main.storyboard */; };
		4C4CD12A22AE746D001EF929 /* Assets.xcassets in Resources */ = {isa = PBXBuildFile; fileRef = 4C4CD12922AE746D001EF929 /* Assets.xcassets */; };
		4C4CD12D22AE746D001EF929 /* LaunchScreen.storyboard in Resources */ = {isa = PBXBuildFile; fileRef = 4C4CD12B22AE746D001EF929 /* LaunchScreen.storyboard */; };
		4C4CD13022AE746D001EF929 /* main.m in Sources */ = {isa = PBXBuildFile; fileRef = 4C4CD12F22AE746D001EF929 /* main.m */; };
		4C4CD13A22AE746D001EF929 /* OpenGLDemo01Tests.m in Sources */ = {isa = PBXBuildFile; fileRef = 4C4CD13922AE746D001EF929 /* OpenGLDemo01Tests.m */; };
		4C4CD14522AE746D001EF929 /* OpenGLDemo01UITests.m in Sources */ = {isa = PBXBuildFile; fileRef = 4C4CD14422AE746D001EF929 /* OpenGLDemo01UITests.m */; };
		4C4CD15422AE747F001EF929 /* LYRGLView.m in Sources */ = {isa = PBXBuildFile; fileRef = 4C4CD15322AE747F001EF929 /* LYRGLView.m */; };
		4CD0C73822AF9322000C6310 /* container.png in Resources */ = {isa = PBXBuildFile; fileRef = 4CD0C73722AF9322000C6310 /* container.png */; };
/* End PBXBuildFile section */

/* Begin PBXContainerItemProxy section */
		4C4CD13622AE746D001EF929 /* PBXContainerItemProxy */ = {
			isa = PBXContainerItemProxy;
			containerPortal = 4C4CD11522AE746B001EF929 /* Project object */;
			proxyType = 1;
			remoteGlobalIDString = 4C4CD11C22AE746B001EF929;
			remoteInfo = OpenGLDemo01;
		};
		4C4CD14122AE746D001EF929 /* PBXContainerItemProxy */ = {
			isa = PBXContainerItemProxy;
			containerPortal = 4C4CD11522AE746B001EF929 /* Project object */;
			proxyType = 1;
			remoteGlobalIDString = 4C4CD11C22AE746B001EF929;
			remoteInfo = OpenGLDemo01;
		};
/* End PBXContainerItemProxy section */

/* Begin PBXFileReference section */
		4C4CD11D22AE746B001EF929 /* OpenGLDemo01.app */ = {isa = PBXFileReference; explicitFileType = wrapper.application; includeInIndex = 0; path = OpenGLDemo01.app; sourceTree = BUILT_PRODUCTS_DIR; };
		4C4CD12022AE746B001EF929 /* AppDelegate.h */ = {isa = PBXFileReference; lastKnownFileType = sourcecode.c.h; path = AppDelegate.h; sourceTree = "<group>"; };
		4C4CD12122AE746B001EF929 /* AppDelegate.m */ = {isa = PBXFileReference; lastKnownFileType = sourcecode.c.objc; path = AppDelegate.m; sourceTree = "<group>"; };
		4C4CD12322AE746B001EF929 /* ViewController.h */ = {isa = PBXFileReference; lastKnownFileType = sourcecode.c.h; path = ViewController.h; sourceTree = "<group>"; };
		4C4CD12422AE746B001EF929 /* ViewController.m */ = {isa = PBXFileReference; lastKnownFileType = sourcecode.c.objc; path = ViewController.m; sourceTree = "<group>"; };
		4C4CD12722AE746B001EF929 /* Base */ = {isa = PBXFileReference; lastKnownFileType = file.storyboard; name = Base; path = Base.lproj/Main.storyboard; sourceTree = "<group>"; };
		4C4CD12922AE746D001EF929 /* Assets.xcassets */ = {isa = PBXFileReference; lastKnownFileType = folder.assetcatalog; path = Assets.xcassets; sourceTree = "<group>"; };
		4C4CD12C22AE746D001EF929 /* Base */ = {isa = PBXFileReference; lastKnownFileType = file.storyboard; name = Base; path = Base.lproj/LaunchScreen.storyboard; sourceTree = "<group>"; };
		4C4CD12E22AE746D001EF929 /* Info.plist */ = {isa = PBXFileReference; lastKnownFileType = text.plist.xml; path = Info.plist; sourceTree = "<group>"; };
		4C4CD12F22AE746D001EF929 /* main.m */ = {isa = PBXFileReference; lastKnownFileType = sourcecode.c.objc; path = main.m; sourceTree = "<group>"; };
		4C4CD13522AE746D001EF929 /* OpenGLDemo01Tests.xctest */ = {isa = PBXFileReference; explicitFileType = wrapper.cfbundle; includeInIndex = 0; path = OpenGLDemo01Tests.xctest; sourceTree = BUILT_PRODUCTS_DIR; };
		4C4CD13922AE746D001EF929 /* OpenGLDemo01Tests.m */ = {isa = PBXFileReference; lastKnownFileType = sourcecode.c.objc; path = OpenGLDemo01Tests.m; sourceTree = "<group>"; };
		4C4CD13B22AE746D001EF929 /* Info.plist */ = {isa = PBXFileReference; lastKnownFileType = text.plist.xml; path = Info.plist; sourceTree = "<group>"; };
		4C4CD14022AE746D001EF929 /* OpenGLDemo01UITests.xctest */ = {isa = PBXFileReference; explicitFileType = wrapper.cfbundle; includeInIndex = 0; path = OpenGLDemo01UITests.xctest; sourceTree = BUILT_PRODUCTS_DIR; };
		4C4CD14422AE746D001EF929 /* OpenGLDemo01UITests.m */ = {isa = PBXFileReference; lastKnownFileType = sourcecode.c.objc; path = OpenGLDemo01UITests.m; sourceTree = "<group>"; };
		4C4CD14622AE746D001EF929 /* Info.plist */ = {isa = PBXFileReference; lastKnownFileType = text.plist.xml; path = Info.plist; sourceTree = "<group>"; };
		4C4CD15222AE747F001EF929 /* LYRGLView.h */ = {isa = PBXFileReference; lastKnownFileType = sourcecode.c.h; path = LYRGLView.h; sourceTree = "<group>"; };
		4C4CD15322AE747F001EF929 /* LYRGLView.m */ = {isa = PBXFileReference; lastKnownFileType = sourcecode.c.objc; path = LYRGLView.m; sourceTree = "<group>"; };
		4CD0C73722AF9322000C6310 /* container.png */ = {isa = PBXFileReference; lastKnownFileType = image.png; path = container.png; sourceTree = "<group>"; };
/* End PBXFileReference section */

/* Begin PBXFrameworksBuildPhase section */
		4C4CD11A22AE746B001EF929 /* Frameworks */ = {
			isa = PBXFrameworksBuildPhase;
			buildActionMask = 2147483647;
			files = (
			);
			runOnlyForDeploymentPostprocessing = 0;
		};
		4C4CD13222AE746D001EF929 /* Frameworks */ = {
			isa = PBXFrameworksBuildPhase;
			buildActionMask = 2147483647;
			files = (
			);
			runOnlyForDeploymentPostprocessing = 0;
		};
		4C4CD13D22AE746D001EF929 /* Frameworks */ = {
			isa = PBXFrameworksBuildPhase;
			buildActionMask = 2147483647;
			files = (
			);
			runOnlyForDeploymentPostprocessing = 0;
		};
/* End PBXFrameworksBuildPhase section */

/* Begin PBXGroup section */
		4C4CD11422AE746B001EF929 = {
			isa = PBXGroup;
			children = (
				4C4CD11F22AE746B001EF929 /* OpenGLDemo01 */,
				4C4CD13822AE746D001EF929 /* OpenGLDemo01Tests */,
				4C4CD14322AE746D001EF929 /* OpenGLDemo01UITests */,
				4C4CD11E22AE746B001EF929 /* Products */,
			);
			sourceTree = "<group>";
		};
		4C4CD11E22AE746B001EF929 /* Products */ = {
			isa = PBXGroup;
			children = (
				4C4CD11D22AE746B001EF929 /* OpenGLDemo01.app */,
				4C4CD13522AE746D001EF929 /* OpenGLDemo01Tests.xctest */,
				4C4CD14022AE746D001EF929 /* OpenGLDemo01UITests.xctest */,
			);
			name = Products;
			sourceTree = "<group>";
		};
		4C4CD11F22AE746B001EF929 /* OpenGLDemo01 */ = {
			isa = PBXGroup;
			children = (
				4CD0C73722AF9322000C6310 /* container.png */,
				4C4CD12022AE746B001EF929 /* AppDelegate.h */,
				4C4CD12122AE746B001EF929 /* AppDelegate.m */,
				4C4CD12322AE746B001EF929 /* ViewController.h */,
				4C4CD12422AE746B001EF929 /* ViewController.m */,
				4C4CD12622AE746B001EF929 /* Main.storyboard */,
				4C4CD12922AE746D001EF929 /* Assets.xcassets */,
				4C4CD12B22AE746D001EF929 /* LaunchScreen.storyboard */,
				4C4CD12E22AE746D001EF929 /* Info.plist */,
				4C4CD12F22AE746D001EF929 /* main.m */,
				4C4CD15222AE747F001EF929 /* LYRGLView.h */,
				4C4CD15322AE747F001EF929 /* LYRGLView.m */,
			);
			path = OpenGLDemo01;
			sourceTree = "<group>";
		};
		4C4CD13822AE746D001EF929 /* OpenGLDemo01Tests */ = {
			isa = PBXGroup;
			children = (
				4C4CD13922AE746D001EF929 /* OpenGLDemo01Tests.m */,
				4C4CD13B22AE746D001EF929 /* Info.plist */,
			);
			path = OpenGLDemo01Tests;
			sourceTree = "<group>";
		};
		4C4CD14322AE746D001EF929 /* OpenGLDemo01UITests */ = {
			isa = PBXGroup;
			children = (
				4C4CD14422AE746D001EF929 /* OpenGLDemo01UITests.m */,
				4C4CD14622AE746D001EF929 /* Info.plist */,
			);
			path = OpenGLDemo01UITests;
			sourceTree = "<group>";
		};
/* End PBXGroup section */

/* Begin PBXNativeTarget section */
		4C4CD11C22AE746B001EF929 /* OpenGLDemo01 */ = {
			isa = PBXNativeTarget;
			buildConfigurationList = 4C4CD14922AE746D001EF929 /* Build configuration list for PBXNativeTarget "OpenGLDemo01" */;
			buildPhases = (
				4C4CD11922AE746B001EF929 /* Sources */,
				4C4CD11A22AE746B001EF929 /* Frameworks */,
				4C4CD11B22AE746B001EF929 /* Resources */,
			);
			buildRules = (
			);
			dependencies = (
			);
			name = OpenGLDemo01;
			productName = OpenGLDemo01;
			productReference = 4C4CD11D22AE746B001EF929 /* OpenGLDemo01.app */;
			productType = "com.apple.product-type.application";
		};
		4C4CD13422AE746D001EF929 /* OpenGLDemo01Tests */ = {
			isa = PBXNativeTarget;
			buildConfigurationList = 4C4CD14C22AE746D001EF929 /* Build configuration list for PBXNativeTarget "OpenGLDemo01Tests" */;
			buildPhases = (
				4C4CD13122AE746D001EF929 /* Sources */,
				4C4CD13222AE746D001EF929 /* Frameworks */,
				4C4CD13322AE746D001EF929 /* Resources */,
			);
			buildRules = (
			);
			dependencies = (
				4C4CD13722AE746D001EF929 /* PBXTargetDependency */,
			);
			name = OpenGLDemo01Tests;
			productName = OpenGLDemo01Tests;
			productReference = 4C4CD13522AE746D001EF929 /* OpenGLDemo01Tests.xctest */;
			productType = "com.apple.product-type.bundle.unit-test";
		};
		4C4CD13F22AE746D001EF929 /* OpenGLDemo01UITests */ = {
			isa = PBXNativeTarget;
			buildConfigurationList = 4C4CD14F22AE746D001EF929 /* Build configuration list for PBXNativeTarget "OpenGLDemo01UITests" */;
			buildPhases = (
				4C4CD13C22AE746D001EF929 /* Sources */,
				4C4CD13D22AE746D001EF929 /* Frameworks */,
				4C4CD13E22AE746D001EF929 /* Resources */,
			);
			buildRules = (
			);
			dependencies = (
				4C4CD14222AE746D001EF929 /* PBXTargetDependency */,
			);
			name = OpenGLDemo01UITests;
			productName = OpenGLDemo01UITests;
			productReference = 4C4CD14022AE746D001EF929 /* OpenGLDemo01UITests.xctest */;
			productType = "com.apple.product-type.bundle.ui-testing";
		};
/* End PBXNativeTarget section */

/* Begin PBXProject section */
		4C4CD11522AE746B001EF929 /* Project object */ = {
			isa = PBXProject;
			attributes = {
				LastUpgradeCheck = 1020;
				ORGANIZATIONNAME = Michael;
				TargetAttributes = {
					4C4CD11C22AE746B001EF929 = {
						CreatedOnToolsVersion = 10.2.1;
					};
					4C4CD13422AE746D001EF929 = {
						CreatedOnToolsVersion = 10.2.1;
						TestTargetID = 4C4CD11C22AE746B001EF929;
					};
					4C4CD13F22AE746D001EF929 = {
						CreatedOnToolsVersion = 10.2.1;
						TestTargetID = 4C4CD11C22AE746B001EF929;
					};
				};
			};
			buildConfigurationList = 4C4CD11822AE746B001EF929 /* Build configuration list for PBXProject "OpenGLDemo01" */;
			compatibilityVersion = "Xcode 9.3";
			developmentRegion = en;
			hasScannedForEncodings = 0;
			knownRegions = (
				en,
				Base,
			);
			mainGroup = 4C4CD11422AE746B001EF929;
			productRefGroup = 4C4CD11E22AE746B001EF929 /* Products */;
			projectDirPath = "";
			projectRoot = "";
			targets = (
				4C4CD11C22AE746B001EF929 /* OpenGLDemo01 */,
				4C4CD13422AE746D001EF929 /* OpenGLDemo01Tests */,
				4C4CD13F22AE746D001EF929 /* OpenGLDemo01UITests */,
			);
		};
/* End PBXProject section */

/* Begin PBXResourcesBuildPhase section */
		4C4CD11B22AE746B001EF929 /* Resources */ = {
			isa = PBXResourcesBuildPhase;
			buildActionMask = 2147483647;
			files = (
				4C4CD12D22AE746D001EF929 /* LaunchScreen.storyboard in Resources */,
				4C4CD12A22AE746D001EF929 /* Assets.xcassets in Resources */,
				4C4CD12822AE746B001EF929 /* Main.storyboard in Resources */,
				4CD0C73822AF9322000C6310 /* container.png in Resources */,
			);
			runOnlyForDeploymentPostprocessing = 0;
		};
		4C4CD13322AE746D001EF929 /* Resources */ = {
			isa = PBXResourcesBuildPhase;
			buildActionMask = 2147483647;
			files = (
			);
			runOnlyForDeploymentPostprocessing = 0;
		};
		4C4CD13E22AE746D001EF929 /* Resources */ = {
			isa = PBXResourcesBuildPhase;
			buildActionMask = 2147483647;
			files = (
			);
			runOnlyForDeploymentPostprocessing = 0;
		};
/* End PBXResourcesBuildPhase section */

/* Begin PBXSourcesBuildPhase section */
		4C4CD11922AE746B001EF929 /* Sources */ = {
			isa = PBXSourcesBuildPhase;
			buildActionMask = 2147483647;
			files = (
				4C4CD12522AE746B001EF929 /* ViewController.m in Sources */,
				4C4CD13022AE746D001EF929 /* main.m in Sources */,
				4C4CD15422AE747F001EF929 /* LYRGLView.m in Sources */,
				4C4CD12222AE746B001EF929 /* AppDelegate.m in Sources */,
			);
			runOnlyForDeploymentPostprocessing = 0;
		};
		4C4CD13122AE746D001EF929 /* Sources */ = {
			isa = PBXSourcesBuildPhase;
			buildActionMask = 2147483647;
			files = (
				4C4CD13A22AE746D001EF929 /* OpenGLDemo01Tests.m in Sources */,
			);
			runOnlyForDeploymentPostprocessing = 0;
		};
		4C4CD13C22AE746D001EF929 /* Sources */ = {
			isa = PBXSourcesBuildPhase;
			buildActionMask = 2147483647;
			files = (
				4C4CD14522AE746D001EF929 /* OpenGLDemo01UITests.m in Sources */,
			);
			runOnlyForDeploymentPostprocessing = 0;
		};
/* End PBXSourcesBuildPhase section */

/* Begin PBXTargetDependency section */
		4C4CD13722AE746D001EF929 /* PBXTargetDependency */ = {
			isa = PBXTargetDependency;
			target = 4C4CD11C22AE746B001EF929 /* OpenGLDemo01 */;
			targetProxy = 4C4CD13622AE746D001EF929 /* PBXContainerItemProxy */;
		};
		4C4CD14222AE746D001EF929 /* PBXTargetDependency */ = {
			isa = PBXTargetDependency;
			target = 4C4CD11C22AE746B001EF929 /* OpenGLDemo01 */;
			targetProxy = 4C4CD14122AE746D001EF929 /* PBXContainerItemProxy */;
		};
/* End PBXTargetDependency section */

/* Begin PBXVariantGroup section */
		4C4CD12622AE746B001EF929 /* Main.storyboard */ = {
			isa = PBXVariantGroup;
			children = (
				4C4CD12722AE746B001EF929 /* Base */,
			);
			name = Main.storyboard;
			sourceTree = "<group>";
		};
		4C4CD12B22AE746D001EF929 /* LaunchScreen.storyboard */ = {
			isa = PBXVariantGroup;
			children = (
				4C4CD12C22AE746D001EF929 /* Base */,
			);
			name = LaunchScreen.storyboard;
			sourceTree = "<group>";
		};
/* End PBXVariantGroup section */

/* Begin XCBuildConfiguration section */
		4C4CD14722AE746D001EF929 /* Debug */ = {
			isa = XCBuildConfiguration;
			buildSettings = {
				ALWAYS_SEARCH_USER_PATHS = NO;
				CLANG_ANALYZER_NONNULL = YES;
				CLANG_ANALYZER_NUMBER_OBJECT_CONVERSION = YES_AGGRESSIVE;
				CLANG_CXX_LANGUAGE_STANDARD = "gnu++14";
				CLANG_CXX_LIBRARY = "libc++";
				CLANG_ENABLE_MODULES = YES;
				CLANG_ENABLE_OBJC_ARC = YES;
				CLANG_ENABLE_OBJC_WEAK = YES;
				CLANG_WARN_BLOCK_CAPTURE_AUTORELEASING = YES;
				CLANG_WARN_BOOL_CONVERSION = YES;
				CLANG_WARN_COMMA = YES;
				CLANG_WARN_CONSTANT_CONVERSION = YES;
				CLANG_WARN_DEPRECATED_OBJC_IMPLEMENTATIONS = YES;
				CLANG_WARN_DIRECT_OBJC_ISA_USAGE = YES_ERROR;
				CLANG_WARN_DOCUMENTATION_COMMENTS = YES;
				CLANG_WARN_EMPTY_BODY = YES;
				CLANG_WARN_ENUM_CONVERSION = YES;
				CLANG_WARN_INFINITE_RECURSION = YES;
				CLANG_WARN_INT_CONVERSION = YES;
				CLANG_WARN_NON_LITERAL_NULL_CONVERSION = YES;
				CLANG_WARN_OBJC_IMPLICIT_RETAIN_SELF = YES;
				CLANG_WARN_OBJC_LITERAL_CONVERSION = YES;
				CLANG_WARN_OBJC_ROOT_CLASS = YES_ERROR;
				CLANG_WARN_RANGE_LOOP_ANALYSIS = YES;
				CLANG_WARN_STRICT_PROTOTYPES = YES;
				CLANG_WARN_SUSPICIOUS_MOVE = YES;
				CLANG_WARN_UNGUARDED_AVAILABILITY = YES_AGGRESSIVE;
				CLANG_WARN_UNREACHABLE_CODE = YES;
				CLANG_WARN__DUPLICATE_METHOD_MATCH = YES;
				CODE_SIGN_IDENTITY = "iPhone Developer";
				COPY_PHASE_STRIP = NO;
				DEBUG_INFORMATION_FORMAT = dwarf;
				ENABLE_STRICT_OBJC_MSGSEND = YES;
				ENABLE_TESTABILITY = YES;
				GCC_C_LANGUAGE_STANDARD = gnu11;
				GCC_DYNAMIC_NO_PIC = NO;
				GCC_NO_COMMON_BLOCKS = YES;
				GCC_OPTIMIZATION_LEVEL = 0;
				GCC_PREPROCESSOR_DEFINITIONS = (
					"DEBUG=1",
					"$(inherited)",
				);
				GCC_WARN_64_TO_32_BIT_CONVERSION = YES;
				GCC_WARN_ABOUT_RETURN_TYPE = YES_ERROR;
				GCC_WARN_UNDECLARED_SELECTOR = YES;
				GCC_WARN_UNINITIALIZED_AUTOS = YES_AGGRESSIVE;
				GCC_WARN_UNUSED_FUNCTION = YES;
				GCC_WARN_UNUSED_VARIABLE = YES;
				IPHONEOS_DEPLOYMENT_TARGET = 12.2;
				MTL_ENABLE_DEBUG_INFO = INCLUDE_SOURCE;
				MTL_FAST_MATH = YES;
				ONLY_ACTIVE_ARCH = YES;
				SDKROOT = iphoneos;
			};
			name = Debug;
		};
		4C4CD14822AE746D001EF929 /* Release */ = {
			isa = XCBuildConfiguration;
			buildSettings = {
				ALWAYS_SEARCH_USER_PATHS = NO;
				CLANG_ANALYZER_NONNULL = YES;
				CLANG_ANALYZER_NUMBER_OBJECT_CONVERSION = YES_AGGRESSIVE;
				CLANG_CXX_LANGUAGE_STANDARD = "gnu++14";
				CLANG_CXX_LIBRARY = "libc++";
				CLANG_ENABLE_MODULES = YES;
				CLANG_ENABLE_OBJC_ARC = YES;
				CLANG_ENABLE_OBJC_WEAK = YES;
				CLANG_WARN_BLOCK_CAPTURE_AUTORELEASING = YES;
				CLANG_WARN_BOOL_CONVERSION = YES;
				CLANG_WARN_COMMA = YES;
				CLANG_WARN_CONSTANT_CONVERSION = YES;
				CLANG_WARN_DEPRECATED_OBJC_IMPLEMENTATIONS = YES;
				CLANG_WARN_DIRECT_OBJC_ISA_USAGE = YES_ERROR;
				CLANG_WARN_DOCUMENTATION_COMMENTS = YES;
				CLANG_WARN_EMPTY_BODY = YES;
				CLANG_WARN_ENUM_CONVERSION = YES;
				CLANG_WARN_INFINITE_RECURSION = YES;
				CLANG_WARN_INT_CONVERSION = YES;
				CLANG_WARN_NON_LITERAL_NULL_CONVERSION = YES;
				CLANG_WARN_OBJC_IMPLICIT_RETAIN_SELF = YES;
				CLANG_WARN_OBJC_LITERAL_CONVERSION = YES;
				CLANG_WARN_OBJC_ROOT_CLASS = YES_ERROR;
				CLANG_WARN_RANGE_LOOP_ANALYSIS = YES;
				CLANG_WARN_STRICT_PROTOTYPES = YES;
				CLANG_WARN_SUSPICIOUS_MOVE = YES;
				CLANG_WARN_UNGUARDED_AVAILABILITY = YES_AGGRESSIVE;
				CLANG_WARN_UNREACHABLE_CODE = YES;
				CLANG_WARN__DUPLICATE_METHOD_MATCH = YES;
				CODE_SIGN_IDENTITY = "iPhone Developer";
				COPY_PHASE_STRIP = NO;
				DEBUG_INFORMATION_FORMAT = "dwarf-with-dsym";
				ENABLE_NS_ASSERTIONS = NO;
				ENABLE_STRICT_OBJC_MSGSEND = YES;
				GCC_C_LANGUAGE_STANDARD = gnu11;
				GCC_NO_COMMON_BLOCKS = YES;
				GCC_WARN_64_TO_32_BIT_CONVERSION = YES;
				GCC_WARN_ABOUT_RETURN_TYPE = YES_ERROR;
				GCC_WARN_UNDECLARED_SELECTOR = YES;
				GCC_WARN_UNINITIALIZED_AUTOS = YES_AGGRESSIVE;
				GCC_WARN_UNUSED_FUNCTION = YES;
				GCC_WARN_UNUSED_VARIABLE = YES;
				IPHONEOS_DEPLOYMENT_TARGET = 12.2;
				MTL_ENABLE_DEBUG_INFO = NO;
				MTL_FAST_MATH = YES;
				SDKROOT = iphoneos;
				VALIDATE_PRODUCT = YES;
			};
			name = Release;
		};
		4C4CD14A22AE746D001EF929 /* Debug */ = {
			isa = XCBuildConfiguration;
			buildSettings = {
				ASSETCATALOG_COMPILER_APPICON_NAME = AppIcon;
				CODE_SIGN_STYLE = Automatic;
				DEVELOPMENT_TEAM = UTH2B3MTJ2;
				INFOPLIST_FILE = OpenGLDemo01/Info.plist;
				IPHONEOS_DEPLOYMENT_TARGET = 9.0;
				LD_RUNPATH_SEARCH_PATHS = (
					"$(inherited)",
					"@executable_path/Frameworks",
				);
				PRODUCT_BUNDLE_IDENTIFIER = com.lyr.www.OpenGLDemo01;
				PRODUCT_NAME = "$(TARGET_NAME)";
				TARGETED_DEVICE_FAMILY = "1,2";
			};
			name = Debug;
		};
		4C4CD14B22AE746D001EF929 /* Release */ = {
			isa = XCBuildConfiguration;
			buildSettings = {
				ASSETCATALOG_COMPILER_APPICON_NAME = AppIcon;
				CODE_SIGN_STYLE = Automatic;
				DEVELOPMENT_TEAM = UTH2B3MTJ2;
				INFOPLIST_FILE = OpenGLDemo01/Info.plist;
				IPHONEOS_DEPLOYMENT_TARGET = 9.0;
				LD_RUNPATH_SEARCH_PATHS = (
					"$(inherited)",
					"@executable_path/Frameworks",
				);
				PRODUCT_BUNDLE_IDENTIFIER = com.lyr.www.OpenGLDemo01;
				PRODUCT_NAME = "$(TARGET_NAME)";
				TARGETED_DEVICE_FAMILY = "1,2";
			};
			name = Release;
		};
		4C4CD14D22AE746D001EF929 /* Debug */ = {
			isa = XCBuildConfiguration;
			buildSettings = {
				BUNDLE_LOADER = "$(TEST_HOST)";
				CODE_SIGN_STYLE = Automatic;
				DEVELOPMENT_TEAM = UTH2B3MTJ2;
				INFOPLIST_FILE = OpenGLDemo01Tests/Info.plist;
				LD_RUNPATH_SEARCH_PATHS = (
					"$(inherited)",
					"@executable_path/Frameworks",
					"@loader_path/Frameworks",
				);
				PRODUCT_BUNDLE_IDENTIFIER = com.lyr.www.OpenGLDemo01Tests;
				PRODUCT_NAME = "$(TARGET_NAME)";
				TARGETED_DEVICE_FAMILY = "1,2";
				TEST_HOST = "$(BUILT_PRODUCTS_DIR)/OpenGLDemo01.app/OpenGLDemo01";
			};
			name = Debug;
		};
		4C4CD14E22AE746D001EF929 /* Release */ = {
			isa = XCBuildConfiguration;
			buildSettings = {
				BUNDLE_LOADER = "$(TEST_HOST)";
				CODE_SIGN_STYLE = Automatic;
				DEVELOPMENT_TEAM = UTH2B3MTJ2;
				INFOPLIST_FILE = OpenGLDemo01Tests/Info.plist;
				LD_RUNPATH_SEARCH_PATHS = (
					"$(inherited)",
					"@executable_path/Frameworks",
					"@loader_path/Frameworks",
				);
				PRODUCT_BUNDLE_IDENTIFIER = com.lyr.www.OpenGLDemo01Tests;
				PRODUCT_NAME = "$(TARGET_NAME)";
				TARGETED_DEVICE_FAMILY = "1,2";
				TEST_HOST = "$(BUILT_PRODUCTS_DIR)/OpenGLDemo01.app/OpenGLDemo01";
			};
			name = Release;
		};
		4C4CD15022AE746D001EF929 /* Debug */ = {
			isa = XCBuildConfiguration;
			buildSettings = {
				CODE_SIGN_STYLE = Automatic;
				DEVELOPMENT_TEAM = UTH2B3MTJ2;
				INFOPLIST_FILE = OpenGLDemo01UITests/Info.plist;
				LD_RUNPATH_SEARCH_PATHS = (
					"$(inherited)",
					"@executable_path/Frameworks",
					"@loader_path/Frameworks",
				);
				PRODUCT_BUNDLE_IDENTIFIER = com.lyr.www.OpenGLDemo01UITests;
				PRODUCT_NAME = "$(TARGET_NAME)";
				TARGETED_DEVICE_FAMILY = "1,2";
				TEST_TARGET_NAME = OpenGLDemo01;
			};
			name = Debug;
		};
		4C4CD15122AE746D001EF929 /* Release */ = {
			isa = XCBuildConfiguration;
			buildSettings = {
				CODE_SIGN_STYLE = Automatic;
				DEVELOPMENT_TEAM = UTH2B3MTJ2;
				INFOPLIST_FILE = OpenGLDemo01UITests/Info.plist;
				LD_RUNPATH_SEARCH_PATHS = (
					"$(inherited)",
					"@executable_path/Frameworks",
					"@loader_path/Frameworks",
				);
				PRODUCT_BUNDLE_IDENTIFIER = com.lyr.www.OpenGLDemo01UITests;
				PRODUCT_NAME = "$(TARGET_NAME)";
				TARGETED_DEVICE_FAMILY = "1,2";
				TEST_TARGET_NAME = OpenGLDemo01;
			};
			name = Release;
		};
/* End XCBuildConfiguration section */

/* Begin XCConfigurationList section */
		4C4CD11822AE746B001EF929 /* Build configuration list for PBXProject "OpenGLDemo01" */ = {
			isa = XCConfigurationList;
			buildConfigurations = (
				4C4CD14722AE746D001EF929 /* Debug */,
				4C4CD14822AE746D001EF929 /* Release */,
			);
			defaultConfigurationIsVisible = 0;
			defaultConfigurationName = Release;
		};
		4C4CD14922AE746D001EF929 /* Build configuration list for PBXNativeTarget "OpenGLDemo01" */ = {
			isa = XCConfigurationList;
			buildConfigurations = (
				4C4CD14A22AE746D001EF929 /* Debug */,
				4C4CD14B22AE746D001EF929 /* Release */,
			);
			defaultConfigurationIsVisible = 0;
			defaultConfigurationName = Release;
		};
		4C4CD14C22AE746D001EF929 /* Build configuration list for PBXNativeTarget "OpenGLDemo01Tests" */ = {
			isa = XCConfigurationList;
			buildConfigurations = (
				4C4CD14D22AE746D001EF929 /* Debug */,
				4C4CD14E22AE746D001EF929 /* Release */,
			);
			defaultConfigurationIsVisible = 0;
			defaultConfigurationName = Release;
		};
		4C4CD14F22AE746D001EF929 /* Build configuration list for PBXNativeTarget "OpenGLDemo01UITests" */ = {
			isa = XCConfigurationList;
			buildConfigurations = (
				4C4CD15022AE746D001EF929 /* Debug */,
				4C4CD15122AE746D001EF929 /* Release */,
			);
			defaultConfigurationIsVisible = 0;
			defaultConfigurationName = Release;
		};
/* End XCConfigurationList section */
	};
	rootObject = 4C4CD11522AE746B001EF929 /* Project object */;
}
